
Microsoft Visual Studio Solution File, Format Version 12.00
# Visual Studio Version 17
VisualStudioVersion = 17.14.36915.13 d17.14
MinimumVisualStudioVersion = 10.0.40219.1
Project("{FAE04EC0-301F-11D3-BF4B-00C04F79EFBC}") = "GestaoFrota", "GestaoFrota\GestaoFrota.csproj", "{D22CBBE7-B1ED-48C8-93E5-5E0AF3D84D0D}"
EndProject
Global
	GlobalSection(SolutionConfigurationPlatforms) = preSolution
		Debug|Any CPU = Debug|Any CPU
		Release|Any CPU = Release|Any CPU
	EndGlobalSection
	GlobalSection(ProjectConfigurationPlatforms) = postSolution
		{D22CBBE7-B1ED-48C8-93E5-5E0AF3D84D0D}.Debug|Any CPU.ActiveCfg = Debug|Any CPU
		{D22CBBE7-B1ED-48C8-93E5-5E0AF3D84D0D}.Debug|Any CPU.Build.0 = Debug|Any CPU
		{D22CBBE7-B1ED-48C8-93E5-5E0AF3D84D0D}.Release|Any CPU.ActiveCfg = Release|Any CPU
		{D22CBBE7-B1ED-48C8-93E5-5E0AF3D84D0D}.Release|Any CPU.Build.0 = Release|Any CPU
	EndGlobalSection
	GlobalSection(SolutionProperties) = preSolution
		HideSolutionNode = FALSE
	EndGlobalSection
	GlobalSection(ExtensibilityGlobals) = postSolution
		SolutionGuid = {C06AA93A-37BE-4E22-95A8-5435F77BAB35}
	EndGlobalSection
EndGlobal
